# This file was autogenerated by Stack.
# You should not edit this file by hand.
# For more information, please see the documentation at:
#   https://docs.haskellstack.org/en/stable/lock_files

packages: []
snapshots:
- completed:
    size: 524750
    url: https://raw.githubusercontent.com/commercialhaskell/stackage-snapshots/master/nightly/2021/6/24.yaml
    sha256: c8e830e08daf4ff0278dec8c838a15f1a59c98c1d9f3467deda7ac68ad73dfc4
  original: nightly-2021-06-24
